
Microsoft Visual Studio Solution File, Format Version 12.00
# Visual Studio 2013
VisualStudioVersion = 12.0.31101.0
MinimumVisualStudioVersion = 10.0.40219.1
Project("{FAE04EC0-301F-11D3-BF4B-00C04F79EFBC}") = "VillaKatherine.Droid", "VillaKatherine\VillaKatherine.Droid\VillaKatherine.Droid.csproj", "{1F05C528-0660-45B3-ACF4-A9543238B465}"
EndProject
Project("{FAE04EC0-301F-11D3-BF4B-00C04F79EFBC}") = "VillaKatherine.iOS", "VillaKatherine\VillaKatherine.iOS\VillaKatherine.iOS.csproj", "{B9F93E45-9E70-4B37-988D-541336C2E427}"
EndProject
Project("{FAE04EC0-301F-11D3-BF4B-00C04F79EFBC}") = "VillaKatherine.WinPhone", "VillaKatherine\VillaKatherine.WinPhone\VillaKatherine.WinPhone.csproj", "{BF5866E0-EECE-444C-A36E-089DE2871875}"
EndProject
Project("{FAE04EC0-301F-11D3-BF4B-00C04F79EFBC}") = "VillaKatherine", "VillaKatherine\VillaKatherine\VillaKatherine.csproj", "{EE0D7D44-F906-4C3C-8243-8281C5E007E0}"
EndProject
Global
	GlobalSection(SolutionConfigurationPlatforms) = preSolution
		Debug|Any CPU = Debug|Any CPU
		Debug|ARM = Debug|ARM
		Debug|iPhone = Debug|iPhone
		Debug|iPhoneSimulator = Debug|iPhoneSimulator
		Debug|Mixed Platforms = Debug|Mixed Platforms
		Debug|x86 = Debug|x86
		Release|Any CPU = Release|Any CPU
		Release|ARM = Release|ARM
		Release|iPhone = Release|iPhone
		Release|iPhoneSimulator = Release|iPhoneSimulator
		Release|Mixed Platforms = Release|Mixed Platforms
		Release|x86 = Release|x86
	EndGlobalSection
	GlobalSection(ProjectConfigurationPlatforms) = postSolution
		{1F05C528-0660-45B3-ACF4-A9543238B465}.Debug|Any CPU.ActiveCfg = Debug|Any CPU
		{1F05C528-0660-45B3-ACF4-A9543238B465}.Debug|Any CPU.Build.0 = Debug|Any CPU
		{1F05C528-0660-45B3-ACF4-A9543238B465}.Debug|Any CPU.Deploy.0 = Debug|Any CPU
		{1F05C528-0660-45B3-ACF4-A9543238B465}.Debug|ARM.ActiveCfg = Debug|Any CPU
		{1F05C528-0660-45B3-ACF4-A9543238B465}.Debug|iPhone.ActiveCfg = Debug|Any CPU
		{1F05C528-0660-45B3-ACF4-A9543238B465}.Debug|iPhoneSimulator.ActiveCfg = Debug|Any CPU
		{1F05C528-0660-45B3-ACF4-A9543238B465}.Debug|Mixed Platforms.ActiveCfg = Debug|Any CPU
		{1F05C528-0660-45B3-ACF4-A9543238B465}.Debug|Mixed Platforms.Build.0 = Debug|Any CPU
		{1F05C528-0660-45B3-ACF4-A9543238B465}.Debug|Mixed Platforms.Deploy.0 = Debug|Any CPU
		{1F05C528-0660-45B3-ACF4-A9543238B465}.Debug|x86.ActiveCfg = Debug|Any CPU
		{1F05C528-0660-45B3-ACF4-A9543238B465}.Release|Any CPU.ActiveCfg = Release|Any CPU
		{1F05C528-0660-45B3-ACF4-A9543238B465}.Release|Any CPU.Build.0 = Release|Any CPU
		{1F05C528-0660-45B3-ACF4-A9543238B465}.Release|Any CPU.Deploy.0 = Release|Any CPU
		{1F05C528-0660-45B3-ACF4-A9543238B465}.Release|ARM.ActiveCfg = Release|Any CPU
		{1F05C528-0660-45B3-ACF4-A9543238B465}.Release|iPhone.ActiveCfg = Release|Any CPU
		{1F05C528-0660-45B3-ACF4-A9543238B465}.Release|iPhoneSimulator.ActiveCfg = Release|Any CPU
		{1F05C528-0660-45B3-ACF4-A9543238B465}.Release|Mixed Platforms.ActiveCfg = Release|Any CPU
		{1F05C528-0660-45B3-ACF4-A9543238B465}.Release|Mixed Platforms.Build.0 = Release|Any CPU
		{1F05C528-0660-45B3-ACF4-A9543238B465}.Release|Mixed Platforms.Deploy.0 = Release|Any CPU
		{1F05C528-0660-45B3-ACF4-A9543238B465}.Release|x86.ActiveCfg = Release|Any CPU
		{B9F93E45-9E70-4B37-988D-541336C2E427}.Debug|Any CPU.ActiveCfg = Debug|iPhone
		{B9F93E45-9E70-4B37-988D-541336C2E427}.Debug|ARM.ActiveCfg = Debug|iPhone
		{B9F93E45-9E70-4B37-988D-541336C2E427}.Debug|iPhone.ActiveCfg = Debug|iPhone
		{B9F93E45-9E70-4B37-988D-541336C2E427}.Debug|iPhone.Build.0 = Debug|iPhone
		{B9F93E45-9E70-4B37-988D-541336C2E427}.Debug|iPhoneSimulator.ActiveCfg = Debug|iPhoneSimulator
		{B9F93E45-9E70-4B37-988D-541336C2E427}.Debug|iPhoneSimulator.Build.0 = Debug|iPhoneSimulator
		{B9F93E45-9E70-4B37-988D-541336C2E427}.Debug|Mixed Platforms.ActiveCfg = Debug|iPhone
		{B9F93E45-9E70-4B37-988D-541336C2E427}.Debug|Mixed Platforms.Build.0 = Debug|iPhone
		{B9F93E45-9E70-4B37-988D-541336C2E427}.Debug|x86.ActiveCfg = Debug|iPhone
		{B9F93E45-9E70-4B37-988D-541336C2E427}.Release|Any CPU.ActiveCfg = Release|iPhone
		{B9F93E45-9E70-4B37-988D-541336C2E427}.Release|ARM.ActiveCfg = Release|iPhone
		{B9F93E45-9E70-4B37-988D-541336C2E427}.Release|iPhone.ActiveCfg = Release|iPhone
		{B9F93E45-9E70-4B37-988D-541336C2E427}.Release|iPhone.Build.0 = Release|iPhone
		{B9F93E45-9E70-4B37-988D-541336C2E427}.Release|iPhoneSimulator.ActiveCfg = Release|iPhoneSimulator
		{B9F93E45-9E70-4B37-988D-541336C2E427}.Release|iPhoneSimulator.Build.0 = Release|iPhoneSimulator
		{B9F93E45-9E70-4B37-988D-541336C2E427}.Release|Mixed Platforms.ActiveCfg = Release|iPhone
		{B9F93E45-9E70-4B37-988D-541336C2E427}.Release|Mixed Platforms.Build.0 = Release|iPhone
		{B9F93E45-9E70-4B37-988D-541336C2E427}.Release|x86.ActiveCfg = Release|iPhone
		{BF5866E0-EECE-444C-A36E-089DE2871875}.Debug|Any CPU.ActiveCfg = Debug|Any CPU
		{BF5866E0-EECE-444C-A36E-089DE2871875}.Debug|Any CPU.Build.0 = Debug|Any CPU
		{BF5866E0-EECE-444C-A36E-089DE2871875}.Debug|Any CPU.Deploy.0 = Debug|Any CPU
		{BF5866E0-EECE-444C-A36E-089DE2871875}.Debug|ARM.ActiveCfg = Debug|ARM
		{BF5866E0-EECE-444C-A36E-089DE2871875}.Debug|ARM.Build.0 = Debug|ARM
		{BF5866E0-EECE-444C-A36E-089DE2871875}.Debug|ARM.Deploy.0 = Debug|ARM
		{BF5866E0-EECE-444C-A36E-089DE2871875}.Debug|iPhone.ActiveCfg = Debug|Any CPU
		{BF5866E0-EECE-444C-A36E-089DE2871875}.Debug|iPhoneSimulator.ActiveCfg = Debug|Any CPU
		{BF5866E0-EECE-444C-A36E-089DE2871875}.Debug|Mixed Platforms.ActiveCfg = Debug|x86
		{BF5866E0-EECE-444C-A36E-089DE2871875}.Debug|Mixed Platforms.Build.0 = Debug|x86
		{BF5866E0-EECE-444C-A36E-089DE2871875}.Debug|Mixed Platforms.Deploy.0 = Debug|x86
		{BF5866E0-EECE-444C-A36E-089DE2871875}.Debug|x86.ActiveCfg = Debug|x86
		{BF5866E0-EECE-444C-A36E-089DE2871875}.Debug|x86.Build.0 = Debug|x86
		{BF5866E0-EECE-444C-A36E-089DE2871875}.Debug|x86.Deploy.0 = Debug|x86
		{BF5866E0-EECE-444C-A36E-089DE2871875}.Release|Any CPU.ActiveCfg = Release|Any CPU
		{BF5866E0-EECE-444C-A36E-089DE2871875}.Release|Any CPU.Build.0 = Release|Any CPU
		{BF5866E0-EECE-444C-A36E-089DE2871875}.Release|Any CPU.Deploy.0 = Release|Any CPU
		{BF5866E0-EECE-444C-A36E-089DE2871875}.Release|ARM.ActiveCfg = Release|ARM
		{BF5866E0-EECE-444C-A36E-089DE2871875}.Release|ARM.Build.0 = Release|ARM
		{BF5866E0-EECE-444C-A36E-089DE2871875}.Release|ARM.Deploy.0 = Release|ARM
		{BF5866E0-EECE-444C-A36E-089DE2871875}.Release|iPhone.ActiveCfg = Release|Any CPU
		{BF5866E0-EECE-444C-A36E-089DE2871875}.Release|iPhoneSimulator.ActiveCfg = Release|Any CPU
		{BF5866E0-EECE-444C-A36E-089DE2871875}.Release|Mixed Platforms.ActiveCfg = Release|x86
		{BF5866E0-EECE-444C-A36E-089DE2871875}.Release|Mixed Platforms.Build.0 = Release|x86
		{BF5866E0-EECE-444C-A36E-089DE2871875}.Release|Mixed Platforms.Deploy.0 = Release|x86
		{BF5866E0-EECE-444C-A36E-089DE2871875}.Release|x86.ActiveCfg = Release|x86
		{BF5866E0-EECE-444C-A36E-089DE2871875}.Release|x86.Build.0 = Release|x86
		{BF5866E0-EECE-444C-A36E-089DE2871875}.Release|x86.Deploy.0 = Release|x86
		{EE0D7D44-F906-4C3C-8243-8281C5E007E0}.Debug|Any CPU.ActiveCfg = Debug|Any CPU
		{EE0D7D44-F906-4C3C-8243-8281C5E007E0}.Debug|Any CPU.Build.0 = Debug|Any CPU
		{EE0D7D44-F906-4C3C-8243-8281C5E007E0}.Debug|ARM.ActiveCfg = Debug|Any CPU
		{EE0D7D44-F906-4C3C-8243-8281C5E007E0}.Debug|iPhone.ActiveCfg = Debug|Any CPU
		{EE0D7D44-F906-4C3C-8243-8281C5E007E0}.Debug|iPhone.Build.0 = Debug|Any CPU
		{EE0D7D44-F906-4C3C-8243-8281C5E007E0}.Debug|iPhoneSimulator.ActiveCfg = Debug|Any CPU
		{EE0D7D44-F906-4C3C-8243-8281C5E007E0}.Debug|iPhoneSimulator.Build.0 = Debug|Any CPU
		{EE0D7D44-F906-4C3C-8243-8281C5E007E0}.Debug|Mixed Platforms.ActiveCfg = Debug|Any CPU
		{EE0D7D44-F906-4C3C-8243-8281C5E007E0}.Debug|Mixed Platforms.Build.0 = Debug|Any CPU
		{EE0D7D44-F906-4C3C-8243-8281C5E007E0}.Debug|x86.ActiveCfg = Debug|Any CPU
		{EE0D7D44-F906-4C3C-8243-8281C5E007E0}.Release|Any CPU.ActiveCfg = Release|Any CPU
		{EE0D7D44-F906-4C3C-8243-8281C5E007E0}.Release|Any CPU.Build.0 = Release|Any CPU
		{EE0D7D44-F906-4C3C-8243-8281C5E007E0}.Release|ARM.ActiveCfg = Release|Any CPU
		{EE0D7D44-F906-4C3C-8243-8281C5E007E0}.Release|iPhone.ActiveCfg = Release|Any CPU
		{EE0D7D44-F906-4C3C-8243-8281C5E007E0}.Release|iPhone.Build.0 = Release|Any CPU
		{EE0D7D44-F906-4C3C-8243-8281C5E007E0}.Release|iPhoneSimulator.ActiveCfg = Release|Any CPU
		{EE0D7D44-F906-4C3C-8243-8281C5E007E0}.Release|iPhoneSimulator.Build.0 = Release|Any CPU
		{EE0D7D44-F906-4C3C-8243-8281C5E007E0}.Release|Mixed Platforms.ActiveCfg = Release|Any CPU
		{EE0D7D44-F906-4C3C-8243-8281C5E007E0}.Release|Mixed Platforms.Build.0 = Release|Any CPU
		{EE0D7D44-F906-4C3C-8243-8281C5E007E0}.Release|x86.ActiveCfg = Release|Any CPU
	EndGlobalSection
	GlobalSection(SolutionProperties) = preSolution
		HideSolutionNode = FALSE
	EndGlobalSection
EndGlobal
